
Microsoft Visual Studio Solution File, Format Version 12.00
# Visual Studio Version 16
VisualStudioVersion = 16.0.31729.503
MinimumVisualStudioVersion = 10.0.40219.1
Project("{FAE04EC0-301F-11D3-BF4B-00C04F79EFBC}") = "MVVMDemo", "MVVMDemo.csproj", "{B2A1A085-7534-4431-B38C-3B8FFF622358}"
EndProject
Global
	GlobalSection(SolutionConfigurationPlatforms) = preSolution
		Debug|Any CPU = Debug|Any CPU
		Release|Any CPU = Release|Any CPU
	EndGlobalSection
	GlobalSection(ProjectConfigurationPlatforms) = postSolution
		{B2A1A085-7534-4431-B38C-3B8FFF622358}.Debug|Any CPU.ActiveCfg = Debug|Any CPU
		{B2A1A085-7534-4431-B38C-3B8FFF622358}.Debug|Any CPU.Build.0 = Debug|Any CPU
		{B2A1A085-7534-4431-B38C-3B8FFF622358}.Release|Any CPU.ActiveCfg = Release|Any CPU
		{B2A1A085-7534-4431-B38C-3B8FFF622358}.Release|Any CPU.Build.0 = Release|Any CPU
	EndGlobalSection
	GlobalSection(SolutionProperties) = preSolution
		HideSolutionNode = FALSE
	EndGlobalSection
	GlobalSection(ExtensibilityGlobals) = postSolution
		SolutionGuid = {114395F8-2EA3-42A3-8F60-86F2DA46279B}
	EndGlobalSection
EndGlobal
